
Microsoft Visual Studio Solution File, Format Version 12.00
# Visual Studio Version 17
VisualStudioVersion = 17.5.33530.505
MinimumVisualStudioVersion = 10.0.40219.1
Project("{FAE04EC0-301F-11D3-BF4B-00C04F79EFBC}") = "LP2M_Revisi", "LP2M_Revisi\LP2M_Revisi.csproj", "{0326868E-D580-4E6A-B449-77901A49CFCF}"
EndProject
Global
	GlobalSection(SolutionConfigurationPlatforms) = preSolution
		Debug|Any CPU = Debug|Any CPU
		Release|Any CPU = Release|Any CPU
	EndGlobalSection
	GlobalSection(ProjectConfigurationPlatforms) = postSolution
		{0326868E-D580-4E6A-B449-77901A49CFCF}.Debug|Any CPU.ActiveCfg = Debug|Any CPU
		{0326868E-D580-4E6A-B449-77901A49CFCF}.Debug|Any CPU.Build.0 = Debug|Any CPU
		{0326868E-D580-4E6A-B449-77901A49CFCF}.Release|Any CPU.ActiveCfg = Release|Any CPU
		{0326868E-D580-4E6A-B449-77901A49CFCF}.Release|Any CPU.Build.0 = Release|Any CPU
	EndGlobalSection
	GlobalSection(SolutionProperties) = preSolution
		HideSolutionNode = FALSE
	EndGlobalSection
	GlobalSection(ExtensibilityGlobals) = postSolution
		SolutionGuid = {50442F99-155B-490D-8FCE-9059C60E33FF}
	EndGlobalSection
EndGlobal
